
Microsoft Visual Studio Solution File, Format Version 12.00
# Visual Studio Version 17
VisualStudioVersion = 17.12.35514.174 d17.12
MinimumVisualStudioVersion = 10.0.40219.1
Project("{FAE04EC0-301F-11D3-BF4B-00C04F79EFBC}") = "TravelBookingSystem", "TravelBookingSystem\TravelBookingSystem.csproj", "{647B1F74-6E46-4002-B64F-2D3385487B2E}"
EndProject
Global
	GlobalSection(SolutionConfigurationPlatforms) = preSolution
		Debug|Any CPU = Debug|Any CPU
		Release|Any CPU = Release|Any CPU
	EndGlobalSection
	GlobalSection(ProjectConfigurationPlatforms) = postSolution
		{647B1F74-6E46-4002-B64F-2D3385487B2E}.Debug|Any CPU.ActiveCfg = Debug|Any CPU
		{647B1F74-6E46-4002-B64F-2D3385487B2E}.Debug|Any CPU.Build.0 = Debug|Any CPU
		{647B1F74-6E46-4002-B64F-2D3385487B2E}.Release|Any CPU.ActiveCfg = Release|Any CPU
		{647B1F74-6E46-4002-B64F-2D3385487B2E}.Release|Any CPU.Build.0 = Release|Any CPU
	EndGlobalSection
	GlobalSection(SolutionProperties) = preSolution
		HideSolutionNode = FALSE
	EndGlobalSection
EndGlobal
